{
  "name": "carbon-website-gatsby",
  "version": "0.0.0",
  "lockfileVersion": 1,
  "requires": true,
  "dependencies": {
    "@babel/runtime": {
      "version": "7.0.0",
      "resolved": "https://registry.npmjs.org/@babel/runtime/-/runtime-7.0.0.tgz",
      "integrity": "sha512-7hGhzlcmg01CvH1EHdSPVXYX1aJ8KCEyz6I9xYIi/asDtzBPMyMhVibhM/K6g/5qnKBwjZtp10bNZIEFTRW1MA==",
      "requires": {
        "regenerator-runtime": "0.12.1"
      }
    },
    "dom-helpers": {
      "version": "3.3.1",
      "resolved": "https://registry.npmjs.org/dom-helpers/-/dom-helpers-3.3.1.tgz",
      "integrity": "sha512-2Sm+JaYn74OiTM2wHvxJOo3roiq/h25Yi69Fqk269cNUwIXsCvATB6CRSFC9Am/20G2b28hGv/+7NiWydIrPvg=="
    },
    "gatsby-react-router-scroll": {
      "version": "2.0.0",
      "resolved": "https://registry.npmjs.org/gatsby-react-router-scroll/-/gatsby-react-router-scroll-2.0.0.tgz",
      "integrity": "sha512-in58kEsdflO8BCtQNXMR9uPBh/N5yuN8XDDAcYsf6pkLfVPYq3B9U62tztLFtvcuLV41oJb34zuVUcIwbc03dg==",
      "requires": {
        "@babel/runtime": "7.0.0",
        "scroll-behavior": "0.9.9",
        "warning": "3.0.0"
      }
    },
    "invariant": {
      "version": "2.2.4",
      "resolved": "https://registry.npmjs.org/invariant/-/invariant-2.2.4.tgz",
      "integrity": "sha512-phJfQVBuaJM5raOpJjSfkiD6BpbCE4Ns//LaXl6wGYtUBY83nWS6Rf9tXm2e8VaK60JEjYldbPif/A2B1C2gNA==",
      "requires": {
        "loose-envify": "1.4.0"
      }
    },
    "js-tokens": {
      "version": "4.0.0",
      "resolved": "https://registry.npmjs.org/js-tokens/-/js-tokens-4.0.0.tgz",
      "integrity": "sha512-RdJUflcE3cUzKiMqQgsCu06FPu9UdIJO0beYbPhHN4k6apgJtifcoCtT9bcxOpYBtpD2kCM6Sbzg4CausW/PKQ=="
    },
    "loose-envify": {
      "version": "1.4.0",
      "resolved": "https://registry.npmjs.org/loose-envify/-/loose-envify-1.4.0.tgz",
      "integrity": "sha512-lyuxPGr/Wfhrlem2CL/UcnUc1zcqKAImBDzukY7Y5F/yQiNdko6+fRLevlw1HgMySw7f611UIY408EtxRSoK3Q==",
      "requires": {
        "js-tokens": "4.0.0"
      }
    },
    "regenerator-runtime": {
      "version": "0.12.1",
      "resolved": "https://registry.npmjs.org/regenerator-runtime/-/regenerator-runtime-0.12.1.tgz",
      "integrity": "sha512-odxIc1/vDlo4iZcfXqRYFj0vpXFNoGdKMAUieAlFYO6m/nl5e9KR/beGf41z4a1FI+aQgtjhuaSlDxQ0hmkrHg=="
    },
    "scroll-behavior": {
      "version": "0.9.9",
      "resolved": "https://registry.npmjs.org/scroll-behavior/-/scroll-behavior-0.9.9.tgz",
      "integrity": "sha1-6/4GWEVbgq2IW2YZUhVBZnTazOI=",
      "requires": {
        "dom-helpers": "3.3.1",
        "invariant": "2.2.4"
      }
    },
    "warning": {
      "version": "3.0.0",
      "resolved": "https://registry.npmjs.org/warning/-/warning-3.0.0.tgz",
      "integrity": "sha1-MuU3fLVy3kqwR1O9+IIcAe1gW3w=",
      "requires": {
        "loose-envify": "1.4.0"
      }
    }
  }
}
